
Microsoft Visual Studio Solution File, Format Version 12.00
# Visual Studio Version 17
VisualStudioVersion = 17.3.32901.215
MinimumVisualStudioVersion = 10.0.40219.1
Project("{FAE04EC0-301F-11D3-BF4B-00C04F79EFBC}") = "csMongoFirst", "csMongoFirst\csMongoFirst.csproj", "{92DAA298-0342-48AB-875F-49A714F76145}"
EndProject
Global
	GlobalSection(SolutionConfigurationPlatforms) = preSolution
		Debug|Any CPU = Debug|Any CPU
		Release|Any CPU = Release|Any CPU
	EndGlobalSection
	GlobalSection(ProjectConfigurationPlatforms) = postSolution
		{92DAA298-0342-48AB-875F-49A714F76145}.Debug|Any CPU.ActiveCfg = Debug|Any CPU
		{92DAA298-0342-48AB-875F-49A714F76145}.Debug|Any CPU.Build.0 = Debug|Any CPU
		{92DAA298-0342-48AB-875F-49A714F76145}.Release|Any CPU.ActiveCfg = Release|Any CPU
		{92DAA298-0342-48AB-875F-49A714F76145}.Release|Any CPU.Build.0 = Release|Any CPU
	EndGlobalSection
	GlobalSection(SolutionProperties) = preSolution
		HideSolutionNode = FALSE
	EndGlobalSection
	GlobalSection(ExtensibilityGlobals) = postSolution
		SolutionGuid = {3C19CDF7-7A43-405D-BC74-C733084E8DF2}
	EndGlobalSection
EndGlobal
