
Microsoft Visual Studio Solution File, Format Version 12.00
# Visual Studio Version 17
VisualStudioVersion = 17.3.32901.215
MinimumVisualStudioVersion = 10.0.40219.1
Project("{9A19103F-16F7-4668-BE54-9A1E7A4F7556}") = "csMqttServer", "csMqttServer\csMqttServer.csproj", "{ECB4E6BD-AE64-4714-8D0B-4644BEE82DDD}"
EndProject
Project("{9A19103F-16F7-4668-BE54-9A1E7A4F7556}") = "csMqttClient", "csMqttClient\csMqttClient.csproj", "{0C8AEAF8-B10A-4B9B-B4FF-3763754ADC80}"
EndProject
Project("{9A19103F-16F7-4668-BE54-9A1E7A4F7556}") = "csMqttTwoTopic", "csMqttTwoTopic\csMqttTwoTopic.csproj", "{068E5BFD-5504-49F5-B03A-464EB0E33F7F}"
EndProject
Project("{FAE04EC0-301F-11D3-BF4B-00C04F79EFBC}") = "test", "test\test.csproj", "{0408CED1-26FF-47FC-8B91-644ABC300459}"
EndProject
Global
	GlobalSection(SolutionConfigurationPlatforms) = preSolution
		Debug|Any CPU = Debug|Any CPU
		Release|Any CPU = Release|Any CPU
	EndGlobalSection
	GlobalSection(ProjectConfigurationPlatforms) = postSolution
		{ECB4E6BD-AE64-4714-8D0B-4644BEE82DDD}.Debug|Any CPU.ActiveCfg = Debug|Any CPU
		{ECB4E6BD-AE64-4714-8D0B-4644BEE82DDD}.Debug|Any CPU.Build.0 = Debug|Any CPU
		{ECB4E6BD-AE64-4714-8D0B-4644BEE82DDD}.Release|Any CPU.ActiveCfg = Release|Any CPU
		{ECB4E6BD-AE64-4714-8D0B-4644BEE82DDD}.Release|Any CPU.Build.0 = Release|Any CPU
		{0C8AEAF8-B10A-4B9B-B4FF-3763754ADC80}.Debug|Any CPU.ActiveCfg = Debug|Any CPU
		{0C8AEAF8-B10A-4B9B-B4FF-3763754ADC80}.Debug|Any CPU.Build.0 = Debug|Any CPU
		{0C8AEAF8-B10A-4B9B-B4FF-3763754ADC80}.Release|Any CPU.ActiveCfg = Release|Any CPU
		{0C8AEAF8-B10A-4B9B-B4FF-3763754ADC80}.Release|Any CPU.Build.0 = Release|Any CPU
		{068E5BFD-5504-49F5-B03A-464EB0E33F7F}.Debug|Any CPU.ActiveCfg = Debug|Any CPU
		{068E5BFD-5504-49F5-B03A-464EB0E33F7F}.Debug|Any CPU.Build.0 = Debug|Any CPU
		{068E5BFD-5504-49F5-B03A-464EB0E33F7F}.Release|Any CPU.ActiveCfg = Release|Any CPU
		{068E5BFD-5504-49F5-B03A-464EB0E33F7F}.Release|Any CPU.Build.0 = Release|Any CPU
		{0408CED1-26FF-47FC-8B91-644ABC300459}.Debug|Any CPU.ActiveCfg = Debug|Any CPU
		{0408CED1-26FF-47FC-8B91-644ABC300459}.Debug|Any CPU.Build.0 = Debug|Any CPU
		{0408CED1-26FF-47FC-8B91-644ABC300459}.Release|Any CPU.ActiveCfg = Release|Any CPU
		{0408CED1-26FF-47FC-8B91-644ABC300459}.Release|Any CPU.Build.0 = Release|Any CPU
	EndGlobalSection
	GlobalSection(SolutionProperties) = preSolution
		HideSolutionNode = FALSE
	EndGlobalSection
	GlobalSection(ExtensibilityGlobals) = postSolution
		SolutionGuid = {3929CE06-F0D6-4C98-A633-6EF07526EC51}
	EndGlobalSection
EndGlobal
