
Microsoft Visual Studio Solution File, Format Version 12.00
# Visual Studio Version 17
VisualStudioVersion = 17.3.32811.315
MinimumVisualStudioVersion = 10.0.40219.1
Project("{FAE04EC0-301F-11D3-BF4B-00C04F79EFBC}") = "BlazorApp2", "BlazorApp2\BlazorApp2.csproj", "{F19CE7A6-6354-4DCB-AB61-CE2E014237DA}"
EndProject
Global
	GlobalSection(SolutionConfigurationPlatforms) = preSolution
		Debug|Any CPU = Debug|Any CPU
		Release|Any CPU = Release|Any CPU
	EndGlobalSection
	GlobalSection(ProjectConfigurationPlatforms) = postSolution
		{F19CE7A6-6354-4DCB-AB61-CE2E014237DA}.Debug|Any CPU.ActiveCfg = Debug|Any CPU
		{F19CE7A6-6354-4DCB-AB61-CE2E014237DA}.Debug|Any CPU.Build.0 = Debug|Any CPU
		{F19CE7A6-6354-4DCB-AB61-CE2E014237DA}.Release|Any CPU.ActiveCfg = Release|Any CPU
		{F19CE7A6-6354-4DCB-AB61-CE2E014237DA}.Release|Any CPU.Build.0 = Release|Any CPU
	EndGlobalSection
	GlobalSection(SolutionProperties) = preSolution
		HideSolutionNode = FALSE
	EndGlobalSection
	GlobalSection(ExtensibilityGlobals) = postSolution
		SolutionGuid = {C16925C7-AA47-4C42-8C3C-E17C82DFCEC2}
	EndGlobalSection
EndGlobal
