
Microsoft Visual Studio Solution File, Format Version 12.00
# Visual Studio Version 17
VisualStudioVersion = 17.2.32526.322
MinimumVisualStudioVersion = 10.0.40219.1
Project("{FAE04EC0-301F-11D3-BF4B-00C04F79EFBC}") = "Background Service New Thread Await", "Background Service New Thread Await\Background Service New Thread Await.csproj", "{395E0498-F5D4-4437-AE28-4383E3AB8350}"
EndProject
Global
	GlobalSection(SolutionConfigurationPlatforms) = preSolution
		Debug|Any CPU = Debug|Any CPU
		Release|Any CPU = Release|Any CPU
	EndGlobalSection
	GlobalSection(ProjectConfigurationPlatforms) = postSolution
		{395E0498-F5D4-4437-AE28-4383E3AB8350}.Debug|Any CPU.ActiveCfg = Debug|Any CPU
		{395E0498-F5D4-4437-AE28-4383E3AB8350}.Debug|Any CPU.Build.0 = Debug|Any CPU
		{395E0498-F5D4-4437-AE28-4383E3AB8350}.Release|Any CPU.ActiveCfg = Release|Any CPU
		{395E0498-F5D4-4437-AE28-4383E3AB8350}.Release|Any CPU.Build.0 = Release|Any CPU
	EndGlobalSection
	GlobalSection(SolutionProperties) = preSolution
		HideSolutionNode = FALSE
	EndGlobalSection
	GlobalSection(ExtensibilityGlobals) = postSolution
		SolutionGuid = {8CF38C63-29C4-43F7-8DCE-DD0E345A8C52}
	EndGlobalSection
EndGlobal
