
Microsoft Visual Studio Solution File, Format Version 12.00
# Visual Studio Version 17
VisualStudioVersion = 17.2.32526.322
MinimumVisualStudioVersion = 10.0.40219.1
Project("{FAE04EC0-301F-11D3-BF4B-00C04F79EFBC}") = "CustomNuGet", "CustomNuGet\CustomNuGet.csproj", "{A18BC2E6-B198-4F90-9AAE-CAE41B62AF84}"
EndProject
Project("{2150E333-8FDC-42A3-9474-1A3956D46DE8}") = "方案項目", "方案項目", "{3FA9DC56-F000-4AAB-A88D-DA89AF07EFE2}"
	ProjectSection(SolutionItems) = preProject
		NuGet.config = NuGet.config
	EndProjectSection
EndProject
Global
	GlobalSection(SolutionConfigurationPlatforms) = preSolution
		Debug|Any CPU = Debug|Any CPU
		Release|Any CPU = Release|Any CPU
	EndGlobalSection
	GlobalSection(ProjectConfigurationPlatforms) = postSolution
		{A18BC2E6-B198-4F90-9AAE-CAE41B62AF84}.Debug|Any CPU.ActiveCfg = Debug|Any CPU
		{A18BC2E6-B198-4F90-9AAE-CAE41B62AF84}.Debug|Any CPU.Build.0 = Debug|Any CPU
		{A18BC2E6-B198-4F90-9AAE-CAE41B62AF84}.Release|Any CPU.ActiveCfg = Release|Any CPU
		{A18BC2E6-B198-4F90-9AAE-CAE41B62AF84}.Release|Any CPU.Build.0 = Release|Any CPU
	EndGlobalSection
	GlobalSection(SolutionProperties) = preSolution
		HideSolutionNode = FALSE
	EndGlobalSection
	GlobalSection(ExtensibilityGlobals) = postSolution
		SolutionGuid = {C4E1AC6F-E859-47B5-9E42-882485F6D810}
	EndGlobalSection
EndGlobal
