
Microsoft Visual Studio Solution File, Format Version 12.00
# Visual Studio Version 17
VisualStudioVersion = 17.3.32811.315
MinimumVisualStudioVersion = 10.0.40219.1
Project("{FAE04EC0-301F-11D3-BF4B-00C04F79EFBC}") = "csTryUsing", "csTryUsing\csTryUsing.csproj", "{9E20A172-95DC-4B8C-A663-3E16E9AD6A6A}"
EndProject
Global
	GlobalSection(SolutionConfigurationPlatforms) = preSolution
		Debug|Any CPU = Debug|Any CPU
		Release|Any CPU = Release|Any CPU
	EndGlobalSection
	GlobalSection(ProjectConfigurationPlatforms) = postSolution
		{9E20A172-95DC-4B8C-A663-3E16E9AD6A6A}.Debug|Any CPU.ActiveCfg = Debug|Any CPU
		{9E20A172-95DC-4B8C-A663-3E16E9AD6A6A}.Debug|Any CPU.Build.0 = Debug|Any CPU
		{9E20A172-95DC-4B8C-A663-3E16E9AD6A6A}.Release|Any CPU.ActiveCfg = Release|Any CPU
		{9E20A172-95DC-4B8C-A663-3E16E9AD6A6A}.Release|Any CPU.Build.0 = Release|Any CPU
	EndGlobalSection
	GlobalSection(SolutionProperties) = preSolution
		HideSolutionNode = FALSE
	EndGlobalSection
	GlobalSection(ExtensibilityGlobals) = postSolution
		SolutionGuid = {49E8EC75-CE8A-4B10-A707-FB8A93718CE8}
	EndGlobalSection
EndGlobal
