
Microsoft Visual Studio Solution File, Format Version 12.00
# Visual Studio Version 17
VisualStudioVersion = 17.2.32526.322
MinimumVisualStudioVersion = 10.0.40219.1
Project("{FAE04EC0-301F-11D3-BF4B-00C04F79EFBC}") = "csCommunityToolkitMVVM", "csCommunityToolkitMVVM\csCommunityToolkitMVVM.csproj", "{26E337A9-98A9-49B2-999E-B0311594FD31}"
EndProject
Global
	GlobalSection(SolutionConfigurationPlatforms) = preSolution
		Debug|Any CPU = Debug|Any CPU
		Release|Any CPU = Release|Any CPU
	EndGlobalSection
	GlobalSection(ProjectConfigurationPlatforms) = postSolution
		{26E337A9-98A9-49B2-999E-B0311594FD31}.Debug|Any CPU.ActiveCfg = Debug|Any CPU
		{26E337A9-98A9-49B2-999E-B0311594FD31}.Debug|Any CPU.Build.0 = Debug|Any CPU
		{26E337A9-98A9-49B2-999E-B0311594FD31}.Release|Any CPU.ActiveCfg = Release|Any CPU
		{26E337A9-98A9-49B2-999E-B0311594FD31}.Release|Any CPU.Build.0 = Release|Any CPU
	EndGlobalSection
	GlobalSection(SolutionProperties) = preSolution
		HideSolutionNode = FALSE
	EndGlobalSection
	GlobalSection(ExtensibilityGlobals) = postSolution
		SolutionGuid = {D7E2E96C-A0B1-4A73-9121-2922995A4236}
	EndGlobalSection
EndGlobal
