
Microsoft Visual Studio Solution File, Format Version 12.00
# Visual Studio Version 17
VisualStudioVersion = 17.2.32526.322
MinimumVisualStudioVersion = 10.0.40219.1
Project("{FAE04EC0-301F-11D3-BF4B-00C04F79EFBC}") = "xfImagePinch", "xfImagePinch\xfImagePinch\xfImagePinch.csproj", "{2E2D9331-6BCE-4293-828A-AE1B0499A71E}"
EndProject
Project("{FAE04EC0-301F-11D3-BF4B-00C04F79EFBC}") = "xfImagePinch.Android", "xfImagePinch\xfImagePinch.Android\xfImagePinch.Android.csproj", "{DA4986F6-584B-4F14-A69E-5D61EE43751A}"
EndProject
Project("{FAE04EC0-301F-11D3-BF4B-00C04F79EFBC}") = "xfImagePinch.iOS", "xfImagePinch\xfImagePinch.iOS\xfImagePinch.iOS.csproj", "{24004BAB-3881-410F-91D6-F2E20E92AD2A}"
EndProject
Global
	GlobalSection(SolutionConfigurationPlatforms) = preSolution
		Ad-Hoc|Any CPU = Ad-Hoc|Any CPU
		Ad-Hoc|iPhone = Ad-Hoc|iPhone
		Ad-Hoc|iPhoneSimulator = Ad-Hoc|iPhoneSimulator
		AppStore|Any CPU = AppStore|Any CPU
		AppStore|iPhone = AppStore|iPhone
		AppStore|iPhoneSimulator = AppStore|iPhoneSimulator
		Debug|Any CPU = Debug|Any CPU
		Debug|iPhone = Debug|iPhone
		Debug|iPhoneSimulator = Debug|iPhoneSimulator
		Release|Any CPU = Release|Any CPU
		Release|iPhone = Release|iPhone
		Release|iPhoneSimulator = Release|iPhoneSimulator
	EndGlobalSection
	GlobalSection(ProjectConfigurationPlatforms) = postSolution
		{2E2D9331-6BCE-4293-828A-AE1B0499A71E}.Ad-Hoc|Any CPU.ActiveCfg = Debug|Any CPU
		{2E2D9331-6BCE-4293-828A-AE1B0499A71E}.Ad-Hoc|Any CPU.Build.0 = Debug|Any CPU
		{2E2D9331-6BCE-4293-828A-AE1B0499A71E}.Ad-Hoc|iPhone.ActiveCfg = Debug|Any CPU
		{2E2D9331-6BCE-4293-828A-AE1B0499A71E}.Ad-Hoc|iPhone.Build.0 = Debug|Any CPU
		{2E2D9331-6BCE-4293-828A-AE1B0499A71E}.Ad-Hoc|iPhoneSimulator.ActiveCfg = Debug|Any CPU
		{2E2D9331-6BCE-4293-828A-AE1B0499A71E}.Ad-Hoc|iPhoneSimulator.Build.0 = Debug|Any CPU
		{2E2D9331-6BCE-4293-828A-AE1B0499A71E}.AppStore|Any CPU.ActiveCfg = Debug|Any CPU
		{2E2D9331-6BCE-4293-828A-AE1B0499A71E}.AppStore|Any CPU.Build.0 = Debug|Any CPU
		{2E2D9331-6BCE-4293-828A-AE1B0499A71E}.AppStore|iPhone.ActiveCfg = Debug|Any CPU
		{2E2D9331-6BCE-4293-828A-AE1B0499A71E}.AppStore|iPhone.Build.0 = Debug|Any CPU
		{2E2D9331-6BCE-4293-828A-AE1B0499A71E}.AppStore|iPhoneSimulator.ActiveCfg = Debug|Any CPU
		{2E2D9331-6BCE-4293-828A-AE1B0499A71E}.AppStore|iPhoneSimulator.Build.0 = Debug|Any CPU
		{2E2D9331-6BCE-4293-828A-AE1B0499A71E}.Debug|Any CPU.ActiveCfg = Debug|Any CPU
		{2E2D9331-6BCE-4293-828A-AE1B0499A71E}.Debug|Any CPU.Build.0 = Debug|Any CPU
		{2E2D9331-6BCE-4293-828A-AE1B0499A71E}.Debug|iPhone.ActiveCfg = Debug|Any CPU
		{2E2D9331-6BCE-4293-828A-AE1B0499A71E}.Debug|iPhone.Build.0 = Debug|Any CPU
		{2E2D9331-6BCE-4293-828A-AE1B0499A71E}.Debug|iPhoneSimulator.ActiveCfg = Debug|Any CPU
		{2E2D9331-6BCE-4293-828A-AE1B0499A71E}.Debug|iPhoneSimulator.Build.0 = Debug|Any CPU
		{2E2D9331-6BCE-4293-828A-AE1B0499A71E}.Release|Any CPU.ActiveCfg = Release|Any CPU
		{2E2D9331-6BCE-4293-828A-AE1B0499A71E}.Release|Any CPU.Build.0 = Release|Any CPU
		{2E2D9331-6BCE-4293-828A-AE1B0499A71E}.Release|iPhone.ActiveCfg = Release|Any CPU
		{2E2D9331-6BCE-4293-828A-AE1B0499A71E}.Release|iPhone.Build.0 = Release|Any CPU
		{2E2D9331-6BCE-4293-828A-AE1B0499A71E}.Release|iPhoneSimulator.ActiveCfg = Release|Any CPU
		{2E2D9331-6BCE-4293-828A-AE1B0499A71E}.Release|iPhoneSimulator.Build.0 = Release|Any CPU
		{DA4986F6-584B-4F14-A69E-5D61EE43751A}.Ad-Hoc|Any CPU.ActiveCfg = Debug|Any CPU
		{DA4986F6-584B-4F14-A69E-5D61EE43751A}.Ad-Hoc|Any CPU.Build.0 = Debug|Any CPU
		{DA4986F6-584B-4F14-A69E-5D61EE43751A}.Ad-Hoc|Any CPU.Deploy.0 = Debug|Any CPU
		{DA4986F6-584B-4F14-A69E-5D61EE43751A}.Ad-Hoc|iPhone.ActiveCfg = Debug|Any CPU
		{DA4986F6-584B-4F14-A69E-5D61EE43751A}.Ad-Hoc|iPhone.Build.0 = Debug|Any CPU
		{DA4986F6-584B-4F14-A69E-5D61EE43751A}.Ad-Hoc|iPhone.Deploy.0 = Debug|Any CPU
		{DA4986F6-584B-4F14-A69E-5D61EE43751A}.Ad-Hoc|iPhoneSimulator.ActiveCfg = Debug|Any CPU
		{DA4986F6-584B-4F14-A69E-5D61EE43751A}.Ad-Hoc|iPhoneSimulator.Build.0 = Debug|Any CPU
		{DA4986F6-584B-4F14-A69E-5D61EE43751A}.Ad-Hoc|iPhoneSimulator.Deploy.0 = Debug|Any CPU
		{DA4986F6-584B-4F14-A69E-5D61EE43751A}.AppStore|Any CPU.ActiveCfg = Debug|Any CPU
		{DA4986F6-584B-4F14-A69E-5D61EE43751A}.AppStore|Any CPU.Build.0 = Debug|Any CPU
		{DA4986F6-584B-4F14-A69E-5D61EE43751A}.AppStore|Any CPU.Deploy.0 = Debug|Any CPU
		{DA4986F6-584B-4F14-A69E-5D61EE43751A}.AppStore|iPhone.ActiveCfg = Debug|Any CPU
		{DA4986F6-584B-4F14-A69E-5D61EE43751A}.AppStore|iPhone.Build.0 = Debug|Any CPU
		{DA4986F6-584B-4F14-A69E-5D61EE43751A}.AppStore|iPhone.Deploy.0 = Debug|Any CPU
		{DA4986F6-584B-4F14-A69E-5D61EE43751A}.AppStore|iPhoneSimulator.ActiveCfg = Debug|Any CPU
		{DA4986F6-584B-4F14-A69E-5D61EE43751A}.AppStore|iPhoneSimulator.Build.0 = Debug|Any CPU
		{DA4986F6-584B-4F14-A69E-5D61EE43751A}.AppStore|iPhoneSimulator.Deploy.0 = Debug|Any CPU
		{DA4986F6-584B-4F14-A69E-5D61EE43751A}.Debug|Any CPU.ActiveCfg = Debug|Any CPU
		{DA4986F6-584B-4F14-A69E-5D61EE43751A}.Debug|Any CPU.Build.0 = Debug|Any CPU
		{DA4986F6-584B-4F14-A69E-5D61EE43751A}.Debug|Any CPU.Deploy.0 = Debug|Any CPU
		{DA4986F6-584B-4F14-A69E-5D61EE43751A}.Debug|iPhone.ActiveCfg = Debug|Any CPU
		{DA4986F6-584B-4F14-A69E-5D61EE43751A}.Debug|iPhone.Build.0 = Debug|Any CPU
		{DA4986F6-584B-4F14-A69E-5D61EE43751A}.Debug|iPhone.Deploy.0 = Debug|Any CPU
		{DA4986F6-584B-4F14-A69E-5D61EE43751A}.Debug|iPhoneSimulator.ActiveCfg = Debug|Any CPU
		{DA4986F6-584B-4F14-A69E-5D61EE43751A}.Debug|iPhoneSimulator.Build.0 = Debug|Any CPU
		{DA4986F6-584B-4F14-A69E-5D61EE43751A}.Debug|iPhoneSimulator.Deploy.0 = Debug|Any CPU
		{DA4986F6-584B-4F14-A69E-5D61EE43751A}.Release|Any CPU.ActiveCfg = Release|Any CPU
		{DA4986F6-584B-4F14-A69E-5D61EE43751A}.Release|Any CPU.Build.0 = Release|Any CPU
		{DA4986F6-584B-4F14-A69E-5D61EE43751A}.Release|Any CPU.Deploy.0 = Release|Any CPU
		{DA4986F6-584B-4F14-A69E-5D61EE43751A}.Release|iPhone.ActiveCfg = Release|Any CPU
		{DA4986F6-584B-4F14-A69E-5D61EE43751A}.Release|iPhone.Build.0 = Release|Any CPU
		{DA4986F6-584B-4F14-A69E-5D61EE43751A}.Release|iPhone.Deploy.0 = Release|Any CPU
		{DA4986F6-584B-4F14-A69E-5D61EE43751A}.Release|iPhoneSimulator.ActiveCfg = Release|Any CPU
		{DA4986F6-584B-4F14-A69E-5D61EE43751A}.Release|iPhoneSimulator.Build.0 = Release|Any CPU
		{DA4986F6-584B-4F14-A69E-5D61EE43751A}.Release|iPhoneSimulator.Deploy.0 = Release|Any CPU
		{24004BAB-3881-410F-91D6-F2E20E92AD2A}.Ad-Hoc|Any CPU.ActiveCfg = Ad-Hoc|iPhoneSimulator
		{24004BAB-3881-410F-91D6-F2E20E92AD2A}.Ad-Hoc|Any CPU.Build.0 = Ad-Hoc|iPhoneSimulator
		{24004BAB-3881-410F-91D6-F2E20E92AD2A}.Ad-Hoc|iPhone.ActiveCfg = Ad-Hoc|iPhone
		{24004BAB-3881-410F-91D6-F2E20E92AD2A}.Ad-Hoc|iPhone.Build.0 = Ad-Hoc|iPhone
		{24004BAB-3881-410F-91D6-F2E20E92AD2A}.Ad-Hoc|iPhoneSimulator.ActiveCfg = Ad-Hoc|iPhoneSimulator
		{24004BAB-3881-410F-91D6-F2E20E92AD2A}.Ad-Hoc|iPhoneSimulator.Build.0 = Ad-Hoc|iPhoneSimulator
		{24004BAB-3881-410F-91D6-F2E20E92AD2A}.AppStore|Any CPU.ActiveCfg = AppStore|iPhoneSimulator
		{24004BAB-3881-410F-91D6-F2E20E92AD2A}.AppStore|Any CPU.Build.0 = AppStore|iPhoneSimulator
		{24004BAB-3881-410F-91D6-F2E20E92AD2A}.AppStore|iPhone.ActiveCfg = AppStore|iPhone
		{24004BAB-3881-410F-91D6-F2E20E92AD2A}.AppStore|iPhone.Build.0 = AppStore|iPhone
		{24004BAB-3881-410F-91D6-F2E20E92AD2A}.AppStore|iPhoneSimulator.ActiveCfg = AppStore|iPhoneSimulator
		{24004BAB-3881-410F-91D6-F2E20E92AD2A}.AppStore|iPhoneSimulator.Build.0 = AppStore|iPhoneSimulator
		{24004BAB-3881-410F-91D6-F2E20E92AD2A}.Debug|Any CPU.ActiveCfg = Debug|iPhoneSimulator
		{24004BAB-3881-410F-91D6-F2E20E92AD2A}.Debug|Any CPU.Build.0 = Debug|iPhoneSimulator
		{24004BAB-3881-410F-91D6-F2E20E92AD2A}.Debug|iPhone.ActiveCfg = Debug|iPhone
		{24004BAB-3881-410F-91D6-F2E20E92AD2A}.Debug|iPhone.Build.0 = Debug|iPhone
		{24004BAB-3881-410F-91D6-F2E20E92AD2A}.Debug|iPhoneSimulator.ActiveCfg = Debug|iPhoneSimulator
		{24004BAB-3881-410F-91D6-F2E20E92AD2A}.Debug|iPhoneSimulator.Build.0 = Debug|iPhoneSimulator
		{24004BAB-3881-410F-91D6-F2E20E92AD2A}.Release|Any CPU.ActiveCfg = Release|iPhoneSimulator
		{24004BAB-3881-410F-91D6-F2E20E92AD2A}.Release|Any CPU.Build.0 = Release|iPhoneSimulator
		{24004BAB-3881-410F-91D6-F2E20E92AD2A}.Release|iPhone.ActiveCfg = Release|iPhone
		{24004BAB-3881-410F-91D6-F2E20E92AD2A}.Release|iPhone.Build.0 = Release|iPhone
		{24004BAB-3881-410F-91D6-F2E20E92AD2A}.Release|iPhoneSimulator.ActiveCfg = Release|iPhoneSimulator
		{24004BAB-3881-410F-91D6-F2E20E92AD2A}.Release|iPhoneSimulator.Build.0 = Release|iPhoneSimulator
	EndGlobalSection
	GlobalSection(SolutionProperties) = preSolution
		HideSolutionNode = FALSE
	EndGlobalSection
	GlobalSection(ExtensibilityGlobals) = postSolution
		SolutionGuid = {658EC56C-95FB-418F-9408-5EC1CF331442}
	EndGlobalSection
EndGlobal
