
Microsoft Visual Studio Solution File, Format Version 12.00
# Visual Studio Version 17
VisualStudioVersion = 17.3.32901.215
MinimumVisualStudioVersion = 10.0.40219.1
Project("{FAE04EC0-301F-11D3-BF4B-00C04F79EFBC}") = "MyFirstMongoDB", "MyFirstMongoDB\MyFirstMongoDB.csproj", "{78870AC1-676E-43E8-B33D-4CA8E619AC64}"
EndProject
Global
	GlobalSection(SolutionConfigurationPlatforms) = preSolution
		Debug|Any CPU = Debug|Any CPU
		Release|Any CPU = Release|Any CPU
	EndGlobalSection
	GlobalSection(ProjectConfigurationPlatforms) = postSolution
		{78870AC1-676E-43E8-B33D-4CA8E619AC64}.Debug|Any CPU.ActiveCfg = Debug|Any CPU
		{78870AC1-676E-43E8-B33D-4CA8E619AC64}.Debug|Any CPU.Build.0 = Debug|Any CPU
		{78870AC1-676E-43E8-B33D-4CA8E619AC64}.Release|Any CPU.ActiveCfg = Release|Any CPU
		{78870AC1-676E-43E8-B33D-4CA8E619AC64}.Release|Any CPU.Build.0 = Release|Any CPU
	EndGlobalSection
	GlobalSection(SolutionProperties) = preSolution
		HideSolutionNode = FALSE
	EndGlobalSection
	GlobalSection(ExtensibilityGlobals) = postSolution
		SolutionGuid = {68F93375-22F0-47F8-B1FC-2B0E58880615}
	EndGlobalSection
EndGlobal
