
Microsoft Visual Studio Solution File, Format Version 12.00
# Visual Studio Version 17
VisualStudioVersion = 17.4.33122.133
MinimumVisualStudioVersion = 10.0.40219.1
Project("{FAE04EC0-301F-11D3-BF4B-00C04F79EFBC}") = "NET6N7BlazorWasm.Server", "NET6N7BlazorWasm\Server\NET6N7BlazorWasm.Server.csproj", "{3263273D-0FA8-42F8-8ADE-7D926D9F9E73}"
EndProject
Project("{FAE04EC0-301F-11D3-BF4B-00C04F79EFBC}") = "NET6N7BlazorWasm.Client", "NET6N7BlazorWasm\Client\NET6N7BlazorWasm.Client.csproj", "{591EA8DE-FE62-4448-9750-20E91A5FCA45}"
EndProject
Project("{FAE04EC0-301F-11D3-BF4B-00C04F79EFBC}") = "NET6N7BlazorWasm.Shared", "NET6N7BlazorWasm\Shared\NET6N7BlazorWasm.Shared.csproj", "{4C4AD6B7-65AF-4547-9583-821B96699343}"
EndProject
Global
	GlobalSection(SolutionConfigurationPlatforms) = preSolution
		Debug|Any CPU = Debug|Any CPU
		Release|Any CPU = Release|Any CPU
	EndGlobalSection
	GlobalSection(ProjectConfigurationPlatforms) = postSolution
		{3263273D-0FA8-42F8-8ADE-7D926D9F9E73}.Debug|Any CPU.ActiveCfg = Debug|Any CPU
		{3263273D-0FA8-42F8-8ADE-7D926D9F9E73}.Debug|Any CPU.Build.0 = Debug|Any CPU
		{3263273D-0FA8-42F8-8ADE-7D926D9F9E73}.Release|Any CPU.ActiveCfg = Release|Any CPU
		{3263273D-0FA8-42F8-8ADE-7D926D9F9E73}.Release|Any CPU.Build.0 = Release|Any CPU
		{591EA8DE-FE62-4448-9750-20E91A5FCA45}.Debug|Any CPU.ActiveCfg = Debug|Any CPU
		{591EA8DE-FE62-4448-9750-20E91A5FCA45}.Debug|Any CPU.Build.0 = Debug|Any CPU
		{591EA8DE-FE62-4448-9750-20E91A5FCA45}.Release|Any CPU.ActiveCfg = Release|Any CPU
		{591EA8DE-FE62-4448-9750-20E91A5FCA45}.Release|Any CPU.Build.0 = Release|Any CPU
		{4C4AD6B7-65AF-4547-9583-821B96699343}.Debug|Any CPU.ActiveCfg = Debug|Any CPU
		{4C4AD6B7-65AF-4547-9583-821B96699343}.Debug|Any CPU.Build.0 = Debug|Any CPU
		{4C4AD6B7-65AF-4547-9583-821B96699343}.Release|Any CPU.ActiveCfg = Release|Any CPU
		{4C4AD6B7-65AF-4547-9583-821B96699343}.Release|Any CPU.Build.0 = Release|Any CPU
	EndGlobalSection
	GlobalSection(SolutionProperties) = preSolution
		HideSolutionNode = FALSE
	EndGlobalSection
	GlobalSection(ExtensibilityGlobals) = postSolution
		SolutionGuid = {7547CD78-4C36-4BED-9342-248019A1047E}
	EndGlobalSection
EndGlobal
