
Microsoft Visual Studio Solution File, Format Version 12.00
# Visual Studio Version 17
VisualStudioVersion = 17.2.32526.322
MinimumVisualStudioVersion = 10.0.40219.1
Project("{FAE04EC0-301F-11D3-BF4B-00C04F79EFBC}") = "DBReverse", "DBReverse\DBReverse.csproj", "{7C424A1A-3A3B-4E68-813D-65C5866BA4E6}"
EndProject
Global
	GlobalSection(SolutionConfigurationPlatforms) = preSolution
		Debug|Any CPU = Debug|Any CPU
		Release|Any CPU = Release|Any CPU
	EndGlobalSection
	GlobalSection(ProjectConfigurationPlatforms) = postSolution
		{7C424A1A-3A3B-4E68-813D-65C5866BA4E6}.Debug|Any CPU.ActiveCfg = Debug|Any CPU
		{7C424A1A-3A3B-4E68-813D-65C5866BA4E6}.Debug|Any CPU.Build.0 = Debug|Any CPU
		{7C424A1A-3A3B-4E68-813D-65C5866BA4E6}.Release|Any CPU.ActiveCfg = Release|Any CPU
		{7C424A1A-3A3B-4E68-813D-65C5866BA4E6}.Release|Any CPU.Build.0 = Release|Any CPU
	EndGlobalSection
	GlobalSection(SolutionProperties) = preSolution
		HideSolutionNode = FALSE
	EndGlobalSection
	GlobalSection(ExtensibilityGlobals) = postSolution
		SolutionGuid = {3D65EB06-D370-471A-9DF2-D717A1C76434}
	EndGlobalSection
EndGlobal
